
Microsoft Visual Studio Solution File, Format Version 12.00
# Visual Studio Version 17
VisualStudioVersion = 17.5.33424.131
MinimumVisualStudioVersion = 10.0.40219.1
Project("{FAE04EC0-301F-11D3-BF4B-00C04F79EFBC}") = "ProfileImport", "ProfileImport\ProfileImport.csproj", "{09D57AC3-251B-4F08-8145-C5B317C77863}"
EndProject
Global
	GlobalSection(SolutionConfigurationPlatforms) = preSolution
		Debug|Any CPU = Debug|Any CPU
		Release|Any CPU = Release|Any CPU
	EndGlobalSection
	GlobalSection(ProjectConfigurationPlatforms) = postSolution
		{09D57AC3-251B-4F08-8145-C5B317C77863}.Debug|Any CPU.ActiveCfg = Debug|Any CPU
		{09D57AC3-251B-4F08-8145-C5B317C77863}.Debug|Any CPU.Build.0 = Debug|Any CPU
		{09D57AC3-251B-4F08-8145-C5B317C77863}.Release|Any CPU.ActiveCfg = Release|Any CPU
		{09D57AC3-251B-4F08-8145-C5B317C77863}.Release|Any CPU.Build.0 = Release|Any CPU
	EndGlobalSection
	GlobalSection(SolutionProperties) = preSolution
		HideSolutionNode = FALSE
	EndGlobalSection
	GlobalSection(ExtensibilityGlobals) = postSolution
		SolutionGuid = {8FD2803C-950C-4AFC-8869-041084B0FF12}
	EndGlobalSection
EndGlobal
